
Microsoft Visual Studio Solution File, Format Version 12.00
# Visual Studio Version 17
VisualStudioVersion = 17.6.33815.320
MinimumVisualStudioVersion = 10.0.40219.1
Project("{FAE04EC0-301F-11D3-BF4B-00C04F79EFBC}") = "Factory Design Pattern", "Factory Design Pattern\Factory Design Pattern.csproj", "{AAC305E1-8E58-4365-AA7C-0486204518FB}"
EndProject
Global
	GlobalSection(SolutionConfigurationPlatforms) = preSolution
		Debug|Any CPU = Debug|Any CPU
		Release|Any CPU = Release|Any CPU
	EndGlobalSection
	GlobalSection(ProjectConfigurationPlatforms) = postSolution
		{AAC305E1-8E58-4365-AA7C-0486204518FB}.Debug|Any CPU.ActiveCfg = Debug|Any CPU
		{AAC305E1-8E58-4365-AA7C-0486204518FB}.Debug|Any CPU.Build.0 = Debug|Any CPU
		{AAC305E1-8E58-4365-AA7C-0486204518FB}.Release|Any CPU.ActiveCfg = Release|Any CPU
		{AAC305E1-8E58-4365-AA7C-0486204518FB}.Release|Any CPU.Build.0 = Release|Any CPU
	EndGlobalSection
	GlobalSection(SolutionProperties) = preSolution
		HideSolutionNode = FALSE
	EndGlobalSection
	GlobalSection(ExtensibilityGlobals) = postSolution
		SolutionGuid = {7D7B1F45-B8C5-41C4-A41C-A5C1952A41F1}
	EndGlobalSection
EndGlobal
